
Microsoft Visual Studio Solution File, Format Version 12.00
# Visual Studio Version 16
VisualStudioVersion = 16.0.31424.327
MinimumVisualStudioVersion = 10.0.40219.1
Project("{FAE04EC0-301F-11D3-BF4B-00C04F79EFBC}") = "WebApplication1", "WebApplication1\WebApplication1.csproj", "{03F6F227-BAD7-472D-B1EC-2EC3FF7BE75E}"
EndProject
Global
	GlobalSection(SolutionConfigurationPlatforms) = preSolution
		Debug|Any CPU = Debug|Any CPU
		Release|Any CPU = Release|Any CPU
	EndGlobalSection
	GlobalSection(ProjectConfigurationPlatforms) = postSolution
		{03F6F227-BAD7-472D-B1EC-2EC3FF7BE75E}.Debug|Any CPU.ActiveCfg = Debug|Any CPU
		{03F6F227-BAD7-472D-B1EC-2EC3FF7BE75E}.Debug|Any CPU.Build.0 = Debug|Any CPU
		{03F6F227-BAD7-472D-B1EC-2EC3FF7BE75E}.Release|Any CPU.ActiveCfg = Release|Any CPU
		{03F6F227-BAD7-472D-B1EC-2EC3FF7BE75E}.Release|Any CPU.Build.0 = Release|Any CPU
	EndGlobalSection
	GlobalSection(SolutionProperties) = preSolution
		HideSolutionNode = FALSE
	EndGlobalSection
	GlobalSection(ExtensibilityGlobals) = postSolution
		SolutionGuid = {4FE9C6F2-2042-49E8-920C-E06D7035CDC3}
	EndGlobalSection
EndGlobal
